# This file is automatically @generated by Cargo.
# It is not intended for manual editing.
version = 4

[[package]]
name = "cluster-demo"
version = "0.1.0"

[[package]]
name = "raft-core"
version = "0.1.0"

[[package]]
name = "raft-grpc"
version = "0.1.0"

[[package]]
name = "raft-storage"
version = "0.1.0"
